{
    "_readme": [
        "This file locks the dependencies of your project to a known state",
        "Read more about it at https://getcomposer.org/doc/01-basic-usage.md#composer-lock-the-lock-file",
        "This file is @generated automatically"
    ],
    "hash": "4891bbab228b2b17dd439b34c8d8273e",
    "packages": [
        {
            "name": "invokemedia/owly-api-php",
            "version": "1.0.0",
            "source": {
                "type": "git",
                "url": "https://github.com/invokemedia/owly-api-php.git",
                "reference": "origin/master"
            },
            "type": "library"
        },
        {
            "name": "jublonet/codebird-php",
            "version": "2.5.0",
            "source": {
                "type": "git",
                "url": "https://github.com/jublonet/codebird-php.git",
                "reference": "38b88fec80be0f3e5b93e07e6804a411595dd379"
            },
            "dist": {
                "type": "zip",
                "url": "https://api.github.com/repos/jublonet/codebird-php/zipball/38b88fec80be0f3e5b93e07e6804a411595dd379",
                "reference": "38b88fec80be0f3e5b93e07e6804a411595dd379",
                "shasum": ""
            },
            "require": {
                "ext-curl": "*",
                "ext-hash": "*",
                "ext-json": "*",
                "lib-curl": "*",
                "lib-openssl": "*"
            },
            "type": "library",
            "autoload": {
                "classmap": [
                    "src/"
                ]
            },
            "notification-url": "https://packagist.org/downloads/",
            "license": [
                "GPL-3.0"
            ],
            "authors": [
                {
                    "name": "Joshua Atkins",
                    "email": "joshua.atkins@jublo.net",
                    "homepage": "http://atkins.im/",
                    "role": "Developer"
                },
                {
                    "name": "J.M.",
                    "email": "jm@jublo.net",
                    "homepage": "http://mynetx.net/",
                    "role": "Developer"
                }
            ],
            "description": "A Twitter library in PHP.",
            "homepage": "http://www.jublo.net/projects/codebird/php",
            "keywords": [
                "api",
                "networking",
                "twitter"
            ],
            "time": "2014-06-20 16:42:05"
        },
        {
            "name": "sebastien/tsstatus",
            "version": "2013-08-31",
            "dist": {
                "type": "zip",
                "url": "http://tsstatus.sebastien.me/tsstatus-2013-08-31.zip",
                "reference": null,
                "shasum": null
            },
            "type": "library"
        }
    ],
    "packages-dev": [],
    "aliases": [],
    "minimum-stability": "stable",
    "stability-flags": [],
    "prefer-stable": false,
    "prefer-lowest": false,
    "platform": [],
    "platform-dev": []
}
